
Microsoft Visual Studio Solution File, Format Version 12.00
# Visual Studio Version 16
VisualStudioVersion = 16.0.31205.134
MinimumVisualStudioVersion = 10.0.40219.1
Project("{FAE04EC0-301F-11D3-BF4B-00C04F79EFBC}") = "JsonProject5", "JsonProject5\JsonProject5.csproj", "{C278FEFD-422F-46E4-8922-F26A323F42CD}"
EndProject
Global
	GlobalSection(SolutionConfigurationPlatforms) = preSolution
		Debug|Any CPU = Debug|Any CPU
		Release|Any CPU = Release|Any CPU
	EndGlobalSection
	GlobalSection(ProjectConfigurationPlatforms) = postSolution
		{C278FEFD-422F-46E4-8922-F26A323F42CD}.Debug|Any CPU.ActiveCfg = Debug|Any CPU
		{C278FEFD-422F-46E4-8922-F26A323F42CD}.Debug|Any CPU.Build.0 = Debug|Any CPU
		{C278FEFD-422F-46E4-8922-F26A323F42CD}.Release|Any CPU.ActiveCfg = Release|Any CPU
		{C278FEFD-422F-46E4-8922-F26A323F42CD}.Release|Any CPU.Build.0 = Release|Any CPU
	EndGlobalSection
	GlobalSection(SolutionProperties) = preSolution
		HideSolutionNode = FALSE
	EndGlobalSection
	GlobalSection(ExtensibilityGlobals) = postSolution
		SolutionGuid = {97054CDF-7232-4710-80FD-46C4ACBD230B}
	EndGlobalSection
EndGlobal
