
Microsoft Visual Studio Solution File, Format Version 12.00
# Visual Studio Version 16
VisualStudioVersion = 16.0.31205.134
MinimumVisualStudioVersion = 10.0.40219.1
Project("{FAE04EC0-301F-11D3-BF4B-00C04F79EFBC}") = "BasicAuthenticationWEBAPI", "BasicAuthenticationWEBAPI\BasicAuthenticationWEBAPI.csproj", "{F975FD11-1F47-43E4-9F5B-463FB6E73285}"
EndProject
Global
	GlobalSection(SolutionConfigurationPlatforms) = preSolution
		Debug|Any CPU = Debug|Any CPU
		Release|Any CPU = Release|Any CPU
	EndGlobalSection
	GlobalSection(ProjectConfigurationPlatforms) = postSolution
		{F975FD11-1F47-43E4-9F5B-463FB6E73285}.Debug|Any CPU.ActiveCfg = Debug|Any CPU
		{F975FD11-1F47-43E4-9F5B-463FB6E73285}.Debug|Any CPU.Build.0 = Debug|Any CPU
		{F975FD11-1F47-43E4-9F5B-463FB6E73285}.Release|Any CPU.ActiveCfg = Release|Any CPU
		{F975FD11-1F47-43E4-9F5B-463FB6E73285}.Release|Any CPU.Build.0 = Release|Any CPU
	EndGlobalSection
	GlobalSection(SolutionProperties) = preSolution
		HideSolutionNode = FALSE
	EndGlobalSection
	GlobalSection(ExtensibilityGlobals) = postSolution
		SolutionGuid = {FF6C5D01-439B-42FA-B8D2-DC9D0E6C79B2}
	EndGlobalSection
EndGlobal
