
Microsoft Visual Studio Solution File, Format Version 12.00
# Visual Studio Version 16
VisualStudioVersion = 16.0.31205.134
MinimumVisualStudioVersion = 10.0.40219.1
Project("{FAE04EC0-301F-11D3-BF4B-00C04F79EFBC}") = "JsonProject3", "JsonProject3\JsonProject3.csproj", "{162C4CCB-E61A-4473-9EBD-0414D713EA5C}"
EndProject
Global
	GlobalSection(SolutionConfigurationPlatforms) = preSolution
		Debug|Any CPU = Debug|Any CPU
		Release|Any CPU = Release|Any CPU
	EndGlobalSection
	GlobalSection(ProjectConfigurationPlatforms) = postSolution
		{162C4CCB-E61A-4473-9EBD-0414D713EA5C}.Debug|Any CPU.ActiveCfg = Debug|Any CPU
		{162C4CCB-E61A-4473-9EBD-0414D713EA5C}.Debug|Any CPU.Build.0 = Debug|Any CPU
		{162C4CCB-E61A-4473-9EBD-0414D713EA5C}.Release|Any CPU.ActiveCfg = Release|Any CPU
		{162C4CCB-E61A-4473-9EBD-0414D713EA5C}.Release|Any CPU.Build.0 = Release|Any CPU
	EndGlobalSection
	GlobalSection(SolutionProperties) = preSolution
		HideSolutionNode = FALSE
	EndGlobalSection
	GlobalSection(ExtensibilityGlobals) = postSolution
		SolutionGuid = {C29EC623-84F3-461C-B1A3-2FB61A9B144A}
	EndGlobalSection
EndGlobal
